
Microsoft Visual Studio Solution File, Format Version 12.00
# Visual Studio Version 16
VisualStudioVersion = 16.0.31829.152
MinimumVisualStudioVersion = 10.0.40219.1
Project("{9A19103F-16F7-4668-BE54-9A1E7A4F7556}") = "Task9", "Task9\Task9.csproj", "{99885948-17AC-4B82-A998-8DE0EF85DFF9}"
EndProject
Project("{9A19103F-16F7-4668-BE54-9A1E7A4F7556}") = "DataAccessLayer", "DataAccessLayer\DataAccessLayer.csproj", "{D502A05A-D0B9-4220-92FF-F4281EBA4F78}"
EndProject
Project("{9A19103F-16F7-4668-BE54-9A1E7A4F7556}") = "DomainLayer", "DomainLayer\DomainLayer.csproj", "{30901CA7-78D2-4EAE-8C2D-679B516C9403}"
EndProject
Global
	GlobalSection(SolutionConfigurationPlatforms) = preSolution
		Debug|Any CPU = Debug|Any CPU
		Release|Any CPU = Release|Any CPU
	EndGlobalSection
	GlobalSection(ProjectConfigurationPlatforms) = postSolution
		{99885948-17AC-4B82-A998-8DE0EF85DFF9}.Debug|Any CPU.ActiveCfg = Debug|Any CPU
		{99885948-17AC-4B82-A998-8DE0EF85DFF9}.Debug|Any CPU.Build.0 = Debug|Any CPU
		{99885948-17AC-4B82-A998-8DE0EF85DFF9}.Release|Any CPU.ActiveCfg = Release|Any CPU
		{99885948-17AC-4B82-A998-8DE0EF85DFF9}.Release|Any CPU.Build.0 = Release|Any CPU
		{D502A05A-D0B9-4220-92FF-F4281EBA4F78}.Debug|Any CPU.ActiveCfg = Debug|Any CPU
		{D502A05A-D0B9-4220-92FF-F4281EBA4F78}.Debug|Any CPU.Build.0 = Debug|Any CPU
		{D502A05A-D0B9-4220-92FF-F4281EBA4F78}.Release|Any CPU.ActiveCfg = Release|Any CPU
		{D502A05A-D0B9-4220-92FF-F4281EBA4F78}.Release|Any CPU.Build.0 = Release|Any CPU
		{30901CA7-78D2-4EAE-8C2D-679B516C9403}.Debug|Any CPU.ActiveCfg = Debug|Any CPU
		{30901CA7-78D2-4EAE-8C2D-679B516C9403}.Debug|Any CPU.Build.0 = Debug|Any CPU
		{30901CA7-78D2-4EAE-8C2D-679B516C9403}.Release|Any CPU.ActiveCfg = Release|Any CPU
		{30901CA7-78D2-4EAE-8C2D-679B516C9403}.Release|Any CPU.Build.0 = Release|Any CPU
	EndGlobalSection
	GlobalSection(SolutionProperties) = preSolution
		HideSolutionNode = FALSE
	EndGlobalSection
	GlobalSection(ExtensibilityGlobals) = postSolution
		SolutionGuid = {2566A12C-013D-491D-8B4E-2A3C052AB5F9}
	EndGlobalSection
EndGlobal
